github.com/bitly/go-simplejson v0.5.1 h1:xgwPbetQScXt1gh9BmoJ6j9JMr3TElvuIyjR8pgdoow=
github.com/bitly/go-simplejson v0.5.1/go.mod h1:YOPVLzCfwK14b4Sff3oP1AmGhI9T9Vsg84etUnlyp+Q=
github.com/chuqingq/simple-json v0.0.0-20230617091729-9f0465e543a9 h1:ANgYuEn7KSZadlCCTqZtlP3PEbSdEkPWet6jQmjQOUA=
github.com/chuqingq/simple-json v0.0.0-20230617091729-9f0465e543a9/go.mod h1:v1Pv+Bi8nSABpR2WUtfDESlBFHJfcKACOAR2VSdqxi4=
